// !$*UTF8*$!
{
	archiveVersion = 1;
	classes = {
	};
	objectVersion = 46;
	objects = {

/* Begin PBXBuildFile section */
		C3B81C941B2D76FA00A4B986 /* Alamofire.framework in Frameworks */ = {isa = PBXBuildFile; fileRef = C3B81C931B2D76FA00A4B986 /* Alamofire.framework */; };
		C3B81C951B2D76FA00A4B986 /* Alamofire.framework in Embed Frameworks */ = {isa = PBXBuildFile; fileRef = C3B81C931B2D76FA00A4B986 /* Alamofire.framework */; settings = {ATTRIBUTES = (CodeSignOnCopy, RemoveHeadersOnCopy, ); }; };
		C3B81C981B2D87A900A4B986 /* CommonConst.swift in Sources */ = {isa = PBXBuildFile; fileRef = C3B81C971B2D87A900A4B986 /* CommonConst.swift */; };
		C3F4EBC81B29F50400CADC6C /* Images.xcassets in Resources */ = {isa = PBXBuildFile; fileRef = C3F4EBC71B29F50400CADC6C /* Images.xcassets */; };
		C3F4EBCB1B29F50400CADC6C /* Main.storyboard in Resources */ = {isa = PBXBuildFile; fileRef = C3F4EBC91B29F50400CADC6C /* Main.storyboard */; };
		C3F4EBE61B2C29BB00CADC6C /* ViewController.swift in Sources */ = {isa = PBXBuildFile; fileRef = C3F4EBE51B2C29BB00CADC6C /* ViewController.swift */; };
		C3F4EBE81B2C2ED100CADC6C /* AppDelegate.swift in Sources */ = {isa = PBXBuildFile; fileRef = C3F4EBE71B2C2ED100CADC6C /* AppDelegate.swift */; };
		C3F4EC1A1B2C31D900CADC6C /* PockyTests.swift in Sources */ = {isa = PBXBuildFile; fileRef = C3F4EC191B2C31D900CADC6C /* PockyTests.swift */; };
/* End PBXBuildFile section */

/* Begin PBXContainerItemProxy section */
		C3F4EBD11B29F50400CADC6C /* PBXContainerItemProxy */ = {
			isa = PBXContainerItemProxy;
			containerPortal = C3F4EBB21B29F50400CADC6C /* Project object */;
			proxyType = 1;
			remoteGlobalIDString = C3F4EBB91B29F50400CADC6C;
			remoteInfo = Pocky;
		};
/* End PBXContainerItemProxy section */

/* Begin PBXCopyFilesBuildPhase section */
		C3B81C961B2D76FA00A4B986 /* Embed Frameworks */ = {
			isa = PBXCopyFilesBuildPhase;
			buildActionMask = 2147483647;
			dstPath = "";
			dstSubfolderSpec = 10;
			files = (
				C3B81C951B2D76FA00A4B986 /* Alamofire.framework in Embed Frameworks */,
			);
			name = "Embed Frameworks";
			runOnlyForDeploymentPostprocessing = 0;
		};
/* End PBXCopyFilesBuildPhase section */

/* Begin PBXFileReference section */
		C3B81C931B2D76FA00A4B986 /* Alamofire.framework */ = {isa = PBXFileReference; lastKnownFileType = wrapper.framework; name = Alamofire.framework; path = Carthage/Build/Mac/Alamofire.framework; sourceTree = "<group>"; };
		C3B81C971B2D87A900A4B986 /* CommonConst.swift */ = {isa = PBXFileReference; fileEncoding = 4; lastKnownFileType = sourcecode.swift; path = CommonConst.swift; sourceTree = "<group>"; };
		C3F4EBBA1B29F50400CADC6C /* Pocky.app */ = {isa = PBXFileReference; explicitFileType = wrapper.application; includeInIndex = 0; path = Pocky.app; sourceTree = BUILT_PRODUCTS_DIR; };
		C3F4EBBE1B29F50400CADC6C /* Info.plist */ = {isa = PBXFileReference; lastKnownFileType = text.plist.xml; path = Info.plist; sourceTree = "<group>"; };
		C3F4EBC71B29F50400CADC6C /* Images.xcassets */ = {isa = PBXFileReference; lastKnownFileType = folder.assetcatalog; path = Images.xcassets; sourceTree = "<group>"; };
		C3F4EBCA1B29F50400CADC6C /* Base */ = {isa = PBXFileReference; lastKnownFileType = file.storyboard; name = Base; path = Base.lproj/Main.storyboard; sourceTree = "<group>"; };
		C3F4EBD01B29F50400CADC6C /* PockyTests.xctest */ = {isa = PBXFileReference; explicitFileType = wrapper.cfbundle; includeInIndex = 0; path = PockyTests.xctest; sourceTree = BUILT_PRODUCTS_DIR; };
		C3F4EBD51B29F50400CADC6C /* Info.plist */ = {isa = PBXFileReference; lastKnownFileType = text.plist.xml; path = Info.plist; sourceTree = "<group>"; };
		C3F4EBE01B29F5D000CADC6C /* Pocky-Bridging-Header.h */ = {isa = PBXFileReference; lastKnownFileType = sourcecode.c.h; path = "Pocky-Bridging-Header.h"; sourceTree = "<group>"; };
		C3F4EBE51B2C29BB00CADC6C /* ViewController.swift */ = {isa = PBXFileReference; fileEncoding = 4; lastKnownFileType = sourcecode.swift; path = ViewController.swift; sourceTree = "<group>"; };
		C3F4EBE71B2C2ED100CADC6C /* AppDelegate.swift */ = {isa = PBXFileReference; fileEncoding = 4; lastKnownFileType = sourcecode.swift; path = AppDelegate.swift; sourceTree = "<group>"; };
		C3F4EC191B2C31D900CADC6C /* PockyTests.swift */ = {isa = PBXFileReference; fileEncoding = 4; lastKnownFileType = sourcecode.swift; path = PockyTests.swift; sourceTree = "<group>"; };
/* End PBXFileReference section */

/* Begin PBXFrameworksBuildPhase section */
		C3F4EBB71B29F50400CADC6C /* Frameworks */ = {
			isa = PBXFrameworksBuildPhase;
			buildActionMask = 2147483647;
			files = (
				C3B81C941B2D76FA00A4B986 /* Alamofire.framework in Frameworks */,
			);
			runOnlyForDeploymentPostprocessing = 0;
		};
		C3F4EBCD1B29F50400CADC6C /* Frameworks */ = {
			isa = PBXFrameworksBuildPhase;
			buildActionMask = 2147483647;
			files = (
			);
			runOnlyForDeploymentPostprocessing = 0;
		};
/* End PBXFrameworksBuildPhase section */

/* Begin PBXGroup section */
		C3F4EBB11B29F50400CADC6C = {
			isa = PBXGroup;
			children = (
				C3B81C931B2D76FA00A4B986 /* Alamofire.framework */,
				C3F4EBBC1B29F50400CADC6C /* Pocky */,
				C3F4EBD31B29F50400CADC6C /* PockyTests */,
				C3F4EBBB1B29F50400CADC6C /* Products */,
			);
			sourceTree = "<group>";
		};
		C3F4EBBB1B29F50400CADC6C /* Products */ = {
			isa = PBXGroup;
			children = (
				C3F4EBBA1B29F50400CADC6C /* Pocky.app */,
				C3F4EBD01B29F50400CADC6C /* PockyTests.xctest */,
			);
			name = Products;
			sourceTree = "<group>";
		};
		C3F4EBBC1B29F50400CADC6C /* Pocky */ = {
			isa = PBXGroup;
			children = (
				C3F4EBC71B29F50400CADC6C /* Images.xcassets */,
				C3F4EBC91B29F50400CADC6C /* Main.storyboard */,
				C3F4EBBD1B29F50400CADC6C /* Supporting Files */,
				C3F4EBE51B2C29BB00CADC6C /* ViewController.swift */,
				C3F4EBE71B2C2ED100CADC6C /* AppDelegate.swift */,
				C3B81C971B2D87A900A4B986 /* CommonConst.swift */,
				C3F4EBE01B29F5D000CADC6C /* Pocky-Bridging-Header.h */,
			);
			path = Pocky;
			sourceTree = "<group>";
		};
		C3F4EBBD1B29F50400CADC6C /* Supporting Files */ = {
			isa = PBXGroup;
			children = (
				C3F4EBBE1B29F50400CADC6C /* Info.plist */,
			);
			name = "Supporting Files";
			sourceTree = "<group>";
		};
		C3F4EBD31B29F50400CADC6C /* PockyTests */ = {
			isa = PBXGroup;
			children = (
				C3F4EC191B2C31D900CADC6C /* PockyTests.swift */,
				C3F4EBD41B29F50400CADC6C /* Supporting Files */,
			);
			path = PockyTests;
			sourceTree = "<group>";
		};
		C3F4EBD41B29F50400CADC6C /* Supporting Files */ = {
			isa = PBXGroup;
			children = (
				C3F4EBD51B29F50400CADC6C /* Info.plist */,
			);
			name = "Supporting Files";
			sourceTree = "<group>";
		};
/* End PBXGroup section */

/* Begin PBXNativeTarget section */
		C3F4EBB91B29F50400CADC6C /* Pocky */ = {
			isa = PBXNativeTarget;
			buildConfigurationList = C3F4EBDA1B29F50400CADC6C /* Build configuration list for PBXNativeTarget "Pocky" */;
			buildPhases = (
				C3F4EBB61B29F50400CADC6C /* Sources */,
				C3F4EBB71B29F50400CADC6C /* Frameworks */,
				C3F4EBB81B29F50400CADC6C /* Resources */,
				C3B81C961B2D76FA00A4B986 /* Embed Frameworks */,
			);
			buildRules = (
			);
			dependencies = (
			);
			name = Pocky;
			productName = Pocky;
			productReference = C3F4EBBA1B29F50400CADC6C /* Pocky.app */;
			productType = "com.apple.product-type.application";
		};
		C3F4EBCF1B29F50400CADC6C /* PockyTests */ = {
			isa = PBXNativeTarget;
			buildConfigurationList = C3F4EBDD1B29F50400CADC6C /* Build configuration list for PBXNativeTarget "PockyTests" */;
			buildPhases = (
				C3F4EBCC1B29F50400CADC6C /* Sources */,
				C3F4EBCD1B29F50400CADC6C /* Frameworks */,
				C3F4EBCE1B29F50400CADC6C /* Resources */,
			);
			buildRules = (
			);
			dependencies = (
				C3F4EBD21B29F50400CADC6C /* PBXTargetDependency */,
			);
			name = PockyTests;
			productName = PockyTests;
			productReference = C3F4EBD01B29F50400CADC6C /* PockyTests.xctest */;
			productType = "com.apple.product-type.bundle.unit-test";
		};
/* End PBXNativeTarget section */

/* Begin PBXProject section */
		C3F4EBB21B29F50400CADC6C /* Project object */ = {
			isa = PBXProject;
			attributes = {
				LastUpgradeCheck = 0630;
				ORGANIZATIONNAME = CyberZ;
				TargetAttributes = {
					C3F4EBB91B29F50400CADC6C = {
						CreatedOnToolsVersion = 6.3.2;
					};
					C3F4EBCF1B29F50400CADC6C = {
						CreatedOnToolsVersion = 6.3.2;
						TestTargetID = C3F4EBB91B29F50400CADC6C;
					};
				};
			};
			buildConfigurationList = C3F4EBB51B29F50400CADC6C /* Build configuration list for PBXProject "Pocky" */;
			compatibilityVersion = "Xcode 3.2";
			developmentRegion = English;
			hasScannedForEncodings = 0;
			knownRegions = (
				en,
				Base,
			);
			mainGroup = C3F4EBB11B29F50400CADC6C;
			productRefGroup = C3F4EBBB1B29F50400CADC6C /* Products */;
			projectDirPath = "";
			projectRoot = "";
			targets = (
				C3F4EBB91B29F50400CADC6C /* Pocky */,
				C3F4EBCF1B29F50400CADC6C /* PockyTests */,
			);
		};
/* End PBXProject section */

/* Begin PBXResourcesBuildPhase section */
		C3F4EBB81B29F50400CADC6C /* Resources */ = {
			isa = PBXResourcesBuildPhase;
			buildActionMask = 2147483647;
			files = (
				C3F4EBC81B29F50400CADC6C /* Images.xcassets in Resources */,
				C3F4EBCB1B29F50400CADC6C /* Main.storyboard in Resources */,
			);
			runOnlyForDeploymentPostprocessing = 0;
		};
		C3F4EBCE1B29F50400CADC6C /* Resources */ = {
			isa = PBXResourcesBuildPhase;
			buildActionMask = 2147483647;
			files = (
			);
			runOnlyForDeploymentPostprocessing = 0;
		};
/* End PBXResourcesBuildPhase section */

/* Begin PBXSourcesBuildPhase section */
		C3F4EBB61B29F50400CADC6C /* Sources */ = {
			isa = PBXSourcesBuildPhase;
			buildActionMask = 2147483647;
			files = (
				C3B81C981B2D87A900A4B986 /* CommonConst.swift in Sources */,
				C3F4EBE81B2C2ED100CADC6C /* AppDelegate.swift in Sources */,
				C3F4EBE61B2C29BB00CADC6C /* ViewController.swift in Sources */,
			);
			runOnlyForDeploymentPostprocessing = 0;
		};
		C3F4EBCC1B29F50400CADC6C /* Sources */ = {
			isa = PBXSourcesBuildPhase;
			buildActionMask = 2147483647;
			files = (
				C3F4EC1A1B2C31D900CADC6C /* PockyTests.swift in Sources */,
			);
			runOnlyForDeploymentPostprocessing = 0;
		};
/* End PBXSourcesBuildPhase section */

/* Begin PBXTargetDependency section */
		C3F4EBD21B29F50400CADC6C /* PBXTargetDependency */ = {
			isa = PBXTargetDependency;
			target = C3F4EBB91B29F50400CADC6C /* Pocky */;
			targetProxy = C3F4EBD11B29F50400CADC6C /* PBXContainerItemProxy */;
		};
/* End PBXTargetDependency section */

/* Begin PBXVariantGroup section */
		C3F4EBC91B29F50400CADC6C /* Main.storyboard */ = {
			isa = PBXVariantGroup;
			children = (
				C3F4EBCA1B29F50400CADC6C /* Base */,
			);
			name = Main.storyboard;
			sourceTree = "<group>";
		};
/* End PBXVariantGroup section */

/* Begin XCBuildConfiguration section */
		C3F4EBD81B29F50400CADC6C /* Debug */ = {
			isa = XCBuildConfiguration;
			buildSettings = {
				ALWAYS_SEARCH_USER_PATHS = NO;
				CLANG_CXX_LANGUAGE_STANDARD = "gnu++0x";
				CLANG_CXX_LIBRARY = "libc++";
				CLANG_ENABLE_MODULES = YES;
				CLANG_ENABLE_OBJC_ARC = YES;
				CLANG_WARN_BOOL_CONVERSION = YES;
				CLANG_WARN_CONSTANT_CONVERSION = YES;
				CLANG_WARN_DIRECT_OBJC_ISA_USAGE = YES_ERROR;
				CLANG_WARN_EMPTY_BODY = YES;
				CLANG_WARN_ENUM_CONVERSION = YES;
				CLANG_WARN_INT_CONVERSION = YES;
				CLANG_WARN_OBJC_ROOT_CLASS = YES_ERROR;
				CLANG_WARN_UNREACHABLE_CODE = YES;
				CLANG_WARN__DUPLICATE_METHOD_MATCH = YES;
				CODE_SIGN_IDENTITY = "-";
				COPY_PHASE_STRIP = NO;
				DEBUG_INFORMATION_FORMAT = dwarf;
				ENABLE_STRICT_OBJC_MSGSEND = YES;
				GCC_C_LANGUAGE_STANDARD = gnu99;
				GCC_DYNAMIC_NO_PIC = NO;
				GCC_NO_COMMON_BLOCKS = YES;
				GCC_OPTIMIZATION_LEVEL = 0;
				GCC_PREPROCESSOR_DEFINITIONS = (
					"DEBUG=1",
					"$(inherited)",
				);
				GCC_SYMBOLS_PRIVATE_EXTERN = NO;
				GCC_WARN_64_TO_32_BIT_CONVERSION = YES;
				GCC_WARN_ABOUT_RETURN_TYPE = YES_ERROR;
				GCC_WARN_UNDECLARED_SELECTOR = YES;
				GCC_WARN_UNINITIALIZED_AUTOS = YES_AGGRESSIVE;
				GCC_WARN_UNUSED_FUNCTION = YES;
				GCC_WARN_UNUSED_VARIABLE = YES;
				MACOSX_DEPLOYMENT_TARGET = 10.10;
				MTL_ENABLE_DEBUG_INFO = YES;
				ONLY_ACTIVE_ARCH = YES;
				SDKROOT = macosx;
			};
			name = Debug;
		};
		C3F4EBD91B29F50400CADC6C /* Release */ = {
			isa = XCBuildConfiguration;
			buildSettings = {
				ALWAYS_SEARCH_USER_PATHS = NO;
				CLANG_CXX_LANGUAGE_STANDARD = "gnu++0x";
				CLANG_CXX_LIBRARY = "libc++";
				CLANG_ENABLE_MODULES = YES;
				CLANG_ENABLE_OBJC_ARC = YES;
				CLANG_WARN_BOOL_CONVERSION = YES;
				CLANG_WARN_CONSTANT_CONVERSION = YES;
				CLANG_WARN_DIRECT_OBJC_ISA_USAGE = YES_ERROR;
				CLANG_WARN_EMPTY_BODY = YES;
				CLANG_WARN_ENUM_CONVERSION = YES;
				CLANG_WARN_INT_CONVERSION = YES;
				CLANG_WARN_OBJC_ROOT_CLASS = YES_ERROR;
				CLANG_WARN_UNREACHABLE_CODE = YES;
				CLANG_WARN__DUPLICATE_METHOD_MATCH = YES;
				CODE_SIGN_IDENTITY = "-";
				COPY_PHASE_STRIP = NO;
				DEBUG_INFORMATION_FORMAT = "dwarf-with-dsym";
				ENABLE_NS_ASSERTIONS = NO;
				ENABLE_STRICT_OBJC_MSGSEND = YES;
				GCC_C_LANGUAGE_STANDARD = gnu99;
				GCC_NO_COMMON_BLOCKS = YES;
				GCC_WARN_64_TO_32_BIT_CONVERSION = YES;
				GCC_WARN_ABOUT_RETURN_TYPE = YES_ERROR;
				GCC_WARN_UNDECLARED_SELECTOR = YES;
				GCC_WARN_UNINITIALIZED_AUTOS = YES_AGGRESSIVE;
				GCC_WARN_UNUSED_FUNCTION = YES;
				GCC_WARN_UNUSED_VARIABLE = YES;
				MACOSX_DEPLOYMENT_TARGET = 10.10;
				MTL_ENABLE_DEBUG_INFO = NO;
				SDKROOT = macosx;
			};
			name = Release;
		};
		C3F4EBDB1B29F50400CADC6C /* Debug */ = {
			isa = XCBuildConfiguration;
			buildSettings = {
				ASSETCATALOG_COMPILER_APPICON_NAME = AppIcon;
				CLANG_ENABLE_MODULES = YES;
				COMBINE_HIDPI_IMAGES = YES;
				FRAMEWORK_SEARCH_PATHS = (
					"$(inherited)",
					"$(PROJECT_DIR)/Carthage/Build/Mac",
				);
				INFOPLIST_FILE = Pocky/Info.plist;
				LD_RUNPATH_SEARCH_PATHS = "$(inherited) @executable_path/../Frameworks";
				PRODUCT_NAME = "$(TARGET_NAME)";
				SWIFT_OBJC_BRIDGING_HEADER = "Pocky/Pocky-Bridging-Header.h";
				SWIFT_OPTIMIZATION_LEVEL = "-Onone";
			};
			name = Debug;
		};
		C3F4EBDC1B29F50400CADC6C /* Release */ = {
			isa = XCBuildConfiguration;
			buildSettings = {
				ASSETCATALOG_COMPILER_APPICON_NAME = AppIcon;
				CLANG_ENABLE_MODULES = YES;
				COMBINE_HIDPI_IMAGES = YES;
				FRAMEWORK_SEARCH_PATHS = (
					"$(inherited)",
					"$(PROJECT_DIR)/Carthage/Build/Mac",
				);
				INFOPLIST_FILE = Pocky/Info.plist;
				LD_RUNPATH_SEARCH_PATHS = "$(inherited) @executable_path/../Frameworks";
				PRODUCT_NAME = "$(TARGET_NAME)";
				SWIFT_OBJC_BRIDGING_HEADER = "Pocky/Pocky-Bridging-Header.h";
			};
			name = Release;
		};
		C3F4EBDE1B29F50400CADC6C /* Debug */ = {
			isa = XCBuildConfiguration;
			buildSettings = {
				BUNDLE_LOADER = "$(TEST_HOST)";
				CLANG_ENABLE_MODULES = YES;
				COMBINE_HIDPI_IMAGES = YES;
				FRAMEWORK_SEARCH_PATHS = (
					"$(DEVELOPER_FRAMEWORKS_DIR)",
					"$(inherited)",
				);
				GCC_PREPROCESSOR_DEFINITIONS = (
					"DEBUG=1",
					"$(inherited)",
				);
				INFOPLIST_FILE = PockyTests/Info.plist;
				LD_RUNPATH_SEARCH_PATHS = "$(inherited) @executable_path/../Frameworks @loader_path/../Frameworks";
				PRODUCT_NAME = "$(TARGET_NAME)";
				SWIFT_OPTIMIZATION_LEVEL = "-Onone";
				TEST_HOST = "$(BUILT_PRODUCTS_DIR)/Pocky.app/Contents/MacOS/Pocky";
			};
			name = Debug;
		};
		C3F4EBDF1B29F50400CADC6C /* Release */ = {
			isa = XCBuildConfiguration;
			buildSettings = {
				BUNDLE_LOADER = "$(TEST_HOST)";
				CLANG_ENABLE_MODULES = YES;
				COMBINE_HIDPI_IMAGES = YES;
				FRAMEWORK_SEARCH_PATHS = (
					"$(DEVELOPER_FRAMEWORKS_DIR)",
					"$(inherited)",
				);
				INFOPLIST_FILE = PockyTests/Info.plist;
				LD_RUNPATH_SEARCH_PATHS = "$(inherited) @executable_path/../Frameworks @loader_path/../Frameworks";
				PRODUCT_NAME = "$(TARGET_NAME)";
				TEST_HOST = "$(BUILT_PRODUCTS_DIR)/Pocky.app/Contents/MacOS/Pocky";
			};
			name = Release;
		};
/* End XCBuildConfiguration section */

/* Begin XCConfigurationList section */
		C3F4EBB51B29F50400CADC6C /* Build configuration list for PBXProject "Pocky" */ = {
			isa = XCConfigurationList;
			buildConfigurations = (
				C3F4EBD81B29F50400CADC6C /* Debug */,
				C3F4EBD91B29F50400CADC6C /* Release */,
			);
			defaultConfigurationIsVisible = 0;
			defaultConfigurationName = Release;
		};
		C3F4EBDA1B29F50400CADC6C /* Build configuration list for PBXNativeTarget "Pocky" */ = {
			isa = XCConfigurationList;
			buildConfigurations = (
				C3F4EBDB1B29F50400CADC6C /* Debug */,
				C3F4EBDC1B29F50400CADC6C /* Release */,
			);
			defaultConfigurationIsVisible = 0;
			defaultConfigurationName = Release;
		};
		C3F4EBDD1B29F50400CADC6C /* Build configuration list for PBXNativeTarget "PockyTests" */ = {
			isa = XCConfigurationList;
			buildConfigurations = (
				C3F4EBDE1B29F50400CADC6C /* Debug */,
				C3F4EBDF1B29F50400CADC6C /* Release */,
			);
			defaultConfigurationIsVisible = 0;
			defaultConfigurationName = Release;
		};
/* End XCConfigurationList section */
	};
	rootObject = C3F4EBB21B29F50400CADC6C /* Project object */;
}
